
Microsoft Visual Studio Solution File, Format Version 12.00
# Visual Studio Version 17
VisualStudioVersion = 17.6.33801.468
MinimumVisualStudioVersion = 10.0.40219.1
Project("{9A19103F-16F7-4668-BE54-9A1E7A4F7556}") = "SystemCollections", "SystemCollections\SystemCollections.csproj", "{25F4BE4B-F62D-43A8-A1BB-8E2F74994273}"
EndProject
Project("{9A19103F-16F7-4668-BE54-9A1E7A4F7556}") = "IsolatedStorage", "IsolatedStorage\IsolatedStorage.csproj", "{2F1F4275-3B4E-465B-857A-F2867648D910}"
EndProject
Project("{9A19103F-16F7-4668-BE54-9A1E7A4F7556}") = "CreateDirectory", "CreateDirectory\CreateDirectory.csproj", "{C4645B47-401D-436C-A8D1-6BD485947304}"
EndProject
Project("{9A19103F-16F7-4668-BE54-9A1E7A4F7556}") = "CreateReadFile", "CreateReadFile\CreateReadFile.csproj", "{737368E3-35FB-449A-99A0-86E17404A476}"
EndProject
Project("{9A19103F-16F7-4668-BE54-9A1E7A4F7556}") = "MonthsCollection", "MonthsCollection\MonthsCollection.csproj", "{C2CB3A3E-6229-473A-8DDD-101B8D893C8F}"
EndProject
Project("{9A19103F-16F7-4668-BE54-9A1E7A4F7556}") = "FamilyTree", "FamilyTree\FamilyTree.csproj", "{0817660D-6E74-4E73-8381-A2FCBD37E4CD}"
EndProject
Project("{9A19103F-16F7-4668-BE54-9A1E7A4F7556}") = "UkrEngDictionary", "UkrEngDictionary\UkrEngDictionary.csproj", "{23F07C03-55D1-45FB-A419-8ECA347F8B86}"
EndProject
Project("{9A19103F-16F7-4668-BE54-9A1E7A4F7556}") = "FileSearch", "FileSearch\FileSearch.csproj", "{06E02612-F12E-4FF0-AAD3-F14FEA2A7DD1}"
EndProject
Project("{9A19103F-16F7-4668-BE54-9A1E7A4F7556}") = "WorkWithCollections", "WorkWithCollections\WorkWithCollections.csproj", "{30C94725-9982-4346-AC63-7430A17EE6D9}"
EndProject
Project("{9A19103F-16F7-4668-BE54-9A1E7A4F7556}") = "GettingInfoFromWebPage", "GettingInfoFromWebPage\GettingInfoFromWebPage.csproj", "{03EB5A10-768A-4DCC-99BC-F4395178AB1E}"
	ProjectSection(ProjectDependencies) = postProject
		{4F98957D-900D-4A93-971D-DAF81DB832B8} = {4F98957D-900D-4A93-971D-DAF81DB832B8}
	EndProjectSection
EndProject
Project("{9A19103F-16F7-4668-BE54-9A1E7A4F7556}") = "Encryption", "Encryption\Encryption.csproj", "{B3E81C67-5F33-4DDB-BECD-8F78497FB3EA}"
EndProject
Project("{9A19103F-16F7-4668-BE54-9A1E7A4F7556}") = "HelpLibrary", "HelpLibrary\HelpLibrary.csproj", "{4F98957D-900D-4A93-971D-DAF81DB832B8}"
EndProject
Project("{9A19103F-16F7-4668-BE54-9A1E7A4F7556}") = "Receipt", "Receipt\Receipt.csproj", "{2BA26E4F-D216-4E84-98DE-C81C6862CB15}"
EndProject
Project("{9A19103F-16F7-4668-BE54-9A1E7A4F7556}") = "Authorization", "Authorization\Authorization.csproj", "{BA13B7ED-018C-4593-ADBC-6C080D27F605}"
EndProject
Project("{2150E333-8FDC-42A3-9474-1A3956D46DE8}") = "5_XML_JSON_Cofiguration", "5_XML_JSON_Cofiguration", "{6F975833-EAA6-41DC-BC43-4D3A13F1E491}"
EndProject
Project("{9A19103F-16F7-4668-BE54-9A1E7A4F7556}") = "TelephoneBookXml", "TelephoneBookXml\TelephoneBookXml.csproj", "{5B304BA8-A8C2-42DD-A8BC-04A2C75942CD}"
EndProject
Project("{9A19103F-16F7-4668-BE54-9A1E7A4F7556}") = "WorkWithConfigurations", "WorkWithConfigurations\WorkWithConfigurations.csproj", "{C5600F42-966B-4DBF-95EF-AF80EBE5D281}"
EndProject
Project("{2150E333-8FDC-42A3-9474-1A3956D46DE8}") = "6_Reflection", "6_Reflection", "{B6DA6C99-7332-430F-8E61-D3A1BBB6D57E}"
EndProject
Project("{9A19103F-16F7-4668-BE54-9A1E7A4F7556}") = "Temperature", "Temperature\Temperature.csproj", "{4259A5E3-A723-4ACA-84E4-78BB5FB0BE09}"
EndProject
Project("{9A19103F-16F7-4668-BE54-9A1E7A4F7556}") = "TemperatureClient", "TemperatureClient\TemperatureClient.csproj", "{9760A07E-B467-4962-858D-A14B9329A718}"
EndProject
Project("{9A19103F-16F7-4668-BE54-9A1E7A4F7556}") = "Reflector", "Reflector\Reflector.csproj", "{779968E6-6F53-4E37-97E8-D8FF53A35E5E}"
EndProject
Project("{2150E333-8FDC-42A3-9474-1A3956D46DE8}") = "7_Attributes", "7_Attributes", "{791C8759-CCE3-46D6-9674-91E79A69F3B1}"
EndProject
Project("{9A19103F-16F7-4668-BE54-9A1E7A4F7556}") = "WorkWithAttributes", "WorkWithAttributes\WorkWithAttributes.csproj", "{C63F08A8-300F-4B8B-A419-17AF885BBC40}"
EndProject
Project("{9A19103F-16F7-4668-BE54-9A1E7A4F7556}") = "ReflectorNew", "ReflectorNew\ReflectorNew.csproj", "{6F64AE85-6F38-4227-8BF7-B88A09242F61}"
EndProject
Project("{9A19103F-16F7-4668-BE54-9A1E7A4F7556}") = "AccessLevel", "AccessLevel\AccessLevel.csproj", "{65BFF245-101E-449E-B661-00AEF34F64EA}"
EndProject
Project("{2150E333-8FDC-42A3-9474-1A3956D46DE8}") = "8_Serialization", "8_Serialization", "{6524A18D-099C-4A95-9E2F-C4024D6F2F22}"
EndProject
Project("{9A19103F-16F7-4668-BE54-9A1E7A4F7556}") = "WorkWithSerialization", "WorkWithSerialization\WorkWithSerialization.csproj", "{73C410A0-6405-4D20-8E50-2856F074D80E}"
EndProject
Project("{9A19103F-16F7-4668-BE54-9A1E7A4F7556}") = "DeserializeObject", "DeserializeObject\DeserializeObject.csproj", "{7B243883-B771-4778-8CDC-7514B7147504}"
EndProject
Project("{FAE04EC0-301F-11D3-BF4B-00C04F79EFBC}") = "SerializeAndSend", "SerializeAndSend\SerializeAndSend.csproj", "{211C957C-469E-42FE-976C-66CC673D20CE}"
EndProject
Project("{2150E333-8FDC-42A3-9474-1A3956D46DE8}") = "9_GarbageCollector", "9_GarbageCollector", "{2E3A3A0C-88B5-4AC1-B6E6-F5CBD20AA85A}"
EndProject
Project("{9A19103F-16F7-4668-BE54-9A1E7A4F7556}") = "WorkWithGarbageCollector", "WorkWithGarbageCollector\WorkWithGarbageCollector.csproj", "{5E18A482-57CA-480F-B393-909777AE0924}"
EndProject
Project("{9A19103F-16F7-4668-BE54-9A1E7A4F7556}") = "LargeObjectCleaningPattern", "LargeObjectCleaningPattern\LargeObjectCleaningPattern.csproj", "{5E74ACC1-F4FD-4F6B-A4AF-9AB46C1F1199}"
EndProject
Project("{2150E333-8FDC-42A3-9474-1A3956D46DE8}") = "10_Versioning", "10_Versioning", "{7ED34B53-BF21-4702-BEDA-115F5D1F0339}"
EndProject
Project("{FAE04EC0-301F-11D3-BF4B-00C04F79EFBC}") = "TemplateMethod", "TemplateMethod\TemplateMethod.csproj", "{A9AAB37F-CFB8-406B-9E69-7B74BB9C17E1}"
EndProject
Global
	GlobalSection(SolutionConfigurationPlatforms) = preSolution
		Debug|Any CPU = Debug|Any CPU
		Debug|ARM = Debug|ARM
		Debug|ARM64 = Debug|ARM64
		Debug|x64 = Debug|x64
		Debug|x86 = Debug|x86
		Release|Any CPU = Release|Any CPU
		Release|ARM = Release|ARM
		Release|ARM64 = Release|ARM64
		Release|x64 = Release|x64
		Release|x86 = Release|x86
	EndGlobalSection
	GlobalSection(ProjectConfigurationPlatforms) = postSolution
		{25F4BE4B-F62D-43A8-A1BB-8E2F74994273}.Debug|Any CPU.ActiveCfg = Debug|Any CPU
		{25F4BE4B-F62D-43A8-A1BB-8E2F74994273}.Debug|Any CPU.Build.0 = Debug|Any CPU
		{25F4BE4B-F62D-43A8-A1BB-8E2F74994273}.Debug|ARM.ActiveCfg = Debug|Any CPU
		{25F4BE4B-F62D-43A8-A1BB-8E2F74994273}.Debug|ARM.Build.0 = Debug|Any CPU
		{25F4BE4B-F62D-43A8-A1BB-8E2F74994273}.Debug|ARM64.ActiveCfg = Debug|Any CPU
		{25F4BE4B-F62D-43A8-A1BB-8E2F74994273}.Debug|ARM64.Build.0 = Debug|Any CPU
		{25F4BE4B-F62D-43A8-A1BB-8E2F74994273}.Debug|x64.ActiveCfg = Debug|Any CPU
		{25F4BE4B-F62D-43A8-A1BB-8E2F74994273}.Debug|x64.Build.0 = Debug|Any CPU
		{25F4BE4B-F62D-43A8-A1BB-8E2F74994273}.Debug|x86.ActiveCfg = Debug|Any CPU
		{25F4BE4B-F62D-43A8-A1BB-8E2F74994273}.Debug|x86.Build.0 = Debug|Any CPU
		{25F4BE4B-F62D-43A8-A1BB-8E2F74994273}.Release|Any CPU.ActiveCfg = Release|Any CPU
		{25F4BE4B-F62D-43A8-A1BB-8E2F74994273}.Release|Any CPU.Build.0 = Release|Any CPU
		{25F4BE4B-F62D-43A8-A1BB-8E2F74994273}.Release|ARM.ActiveCfg = Release|Any CPU
		{25F4BE4B-F62D-43A8-A1BB-8E2F74994273}.Release|ARM.Build.0 = Release|Any CPU
		{25F4BE4B-F62D-43A8-A1BB-8E2F74994273}.Release|ARM64.ActiveCfg = Release|Any CPU
		{25F4BE4B-F62D-43A8-A1BB-8E2F74994273}.Release|ARM64.Build.0 = Release|Any CPU
		{25F4BE4B-F62D-43A8-A1BB-8E2F74994273}.Release|x64.ActiveCfg = Release|Any CPU
		{25F4BE4B-F62D-43A8-A1BB-8E2F74994273}.Release|x64.Build.0 = Release|Any CPU
		{25F4BE4B-F62D-43A8-A1BB-8E2F74994273}.Release|x86.ActiveCfg = Release|Any CPU
		{25F4BE4B-F62D-43A8-A1BB-8E2F74994273}.Release|x86.Build.0 = Release|Any CPU
		{2F1F4275-3B4E-465B-857A-F2867648D910}.Debug|Any CPU.ActiveCfg = Debug|Any CPU
		{2F1F4275-3B4E-465B-857A-F2867648D910}.Debug|Any CPU.Build.0 = Debug|Any CPU
		{2F1F4275-3B4E-465B-857A-F2867648D910}.Debug|ARM.ActiveCfg = Debug|Any CPU
		{2F1F4275-3B4E-465B-857A-F2867648D910}.Debug|ARM.Build.0 = Debug|Any CPU
		{2F1F4275-3B4E-465B-857A-F2867648D910}.Debug|ARM64.ActiveCfg = Debug|Any CPU
		{2F1F4275-3B4E-465B-857A-F2867648D910}.Debug|ARM64.Build.0 = Debug|Any CPU
		{2F1F4275-3B4E-465B-857A-F2867648D910}.Debug|x64.ActiveCfg = Debug|Any CPU
		{2F1F4275-3B4E-465B-857A-F2867648D910}.Debug|x64.Build.0 = Debug|Any CPU
		{2F1F4275-3B4E-465B-857A-F2867648D910}.Debug|x86.ActiveCfg = Debug|Any CPU
		{2F1F4275-3B4E-465B-857A-F2867648D910}.Debug|x86.Build.0 = Debug|Any CPU
		{2F1F4275-3B4E-465B-857A-F2867648D910}.Release|Any CPU.ActiveCfg = Release|Any CPU
		{2F1F4275-3B4E-465B-857A-F2867648D910}.Release|Any CPU.Build.0 = Release|Any CPU
		{2F1F4275-3B4E-465B-857A-F2867648D910}.Release|ARM.ActiveCfg = Release|Any CPU
		{2F1F4275-3B4E-465B-857A-F2867648D910}.Release|ARM.Build.0 = Release|Any CPU
		{2F1F4275-3B4E-465B-857A-F2867648D910}.Release|ARM64.ActiveCfg = Release|Any CPU
		{2F1F4275-3B4E-465B-857A-F2867648D910}.Release|ARM64.Build.0 = Release|Any CPU
		{2F1F4275-3B4E-465B-857A-F2867648D910}.Release|x64.ActiveCfg = Release|Any CPU
		{2F1F4275-3B4E-465B-857A-F2867648D910}.Release|x64.Build.0 = Release|Any CPU
		{2F1F4275-3B4E-465B-857A-F2867648D910}.Release|x86.ActiveCfg = Release|Any CPU
		{2F1F4275-3B4E-465B-857A-F2867648D910}.Release|x86.Build.0 = Release|Any CPU
		{C4645B47-401D-436C-A8D1-6BD485947304}.Debug|Any CPU.ActiveCfg = Debug|Any CPU
		{C4645B47-401D-436C-A8D1-6BD485947304}.Debug|Any CPU.Build.0 = Debug|Any CPU
		{C4645B47-401D-436C-A8D1-6BD485947304}.Debug|ARM.ActiveCfg = Debug|Any CPU
		{C4645B47-401D-436C-A8D1-6BD485947304}.Debug|ARM.Build.0 = Debug|Any CPU
		{C4645B47-401D-436C-A8D1-6BD485947304}.Debug|ARM64.ActiveCfg = Debug|Any CPU
		{C4645B47-401D-436C-A8D1-6BD485947304}.Debug|ARM64.Build.0 = Debug|Any CPU
		{C4645B47-401D-436C-A8D1-6BD485947304}.Debug|x64.ActiveCfg = Debug|Any CPU
		{C4645B47-401D-436C-A8D1-6BD485947304}.Debug|x64.Build.0 = Debug|Any CPU
		{C4645B47-401D-436C-A8D1-6BD485947304}.Debug|x86.ActiveCfg = Debug|Any CPU
		{C4645B47-401D-436C-A8D1-6BD485947304}.Debug|x86.Build.0 = Debug|Any CPU
		{C4645B47-401D-436C-A8D1-6BD485947304}.Release|Any CPU.ActiveCfg = Release|Any CPU
		{C4645B47-401D-436C-A8D1-6BD485947304}.Release|Any CPU.Build.0 = Release|Any CPU
		{C4645B47-401D-436C-A8D1-6BD485947304}.Release|ARM.ActiveCfg = Release|Any CPU
		{C4645B47-401D-436C-A8D1-6BD485947304}.Release|ARM.Build.0 = Release|Any CPU
		{C4645B47-401D-436C-A8D1-6BD485947304}.Release|ARM64.ActiveCfg = Release|Any CPU
		{C4645B47-401D-436C-A8D1-6BD485947304}.Release|ARM64.Build.0 = Release|Any CPU
		{C4645B47-401D-436C-A8D1-6BD485947304}.Release|x64.ActiveCfg = Release|Any CPU
		{C4645B47-401D-436C-A8D1-6BD485947304}.Release|x64.Build.0 = Release|Any CPU
		{C4645B47-401D-436C-A8D1-6BD485947304}.Release|x86.ActiveCfg = Release|Any CPU
		{C4645B47-401D-436C-A8D1-6BD485947304}.Release|x86.Build.0 = Release|Any CPU
		{737368E3-35FB-449A-99A0-86E17404A476}.Debug|Any CPU.ActiveCfg = Debug|Any CPU
		{737368E3-35FB-449A-99A0-86E17404A476}.Debug|Any CPU.Build.0 = Debug|Any CPU
		{737368E3-35FB-449A-99A0-86E17404A476}.Debug|ARM.ActiveCfg = Debug|Any CPU
		{737368E3-35FB-449A-99A0-86E17404A476}.Debug|ARM.Build.0 = Debug|Any CPU
		{737368E3-35FB-449A-99A0-86E17404A476}.Debug|ARM64.ActiveCfg = Debug|Any CPU
		{737368E3-35FB-449A-99A0-86E17404A476}.Debug|ARM64.Build.0 = Debug|Any CPU
		{737368E3-35FB-449A-99A0-86E17404A476}.Debug|x64.ActiveCfg = Debug|Any CPU
		{737368E3-35FB-449A-99A0-86E17404A476}.Debug|x64.Build.0 = Debug|Any CPU
		{737368E3-35FB-449A-99A0-86E17404A476}.Debug|x86.ActiveCfg = Debug|Any CPU
		{737368E3-35FB-449A-99A0-86E17404A476}.Debug|x86.Build.0 = Debug|Any CPU
		{737368E3-35FB-449A-99A0-86E17404A476}.Release|Any CPU.ActiveCfg = Release|Any CPU
		{737368E3-35FB-449A-99A0-86E17404A476}.Release|Any CPU.Build.0 = Release|Any CPU
		{737368E3-35FB-449A-99A0-86E17404A476}.Release|ARM.ActiveCfg = Release|Any CPU
		{737368E3-35FB-449A-99A0-86E17404A476}.Release|ARM.Build.0 = Release|Any CPU
		{737368E3-35FB-449A-99A0-86E17404A476}.Release|ARM64.ActiveCfg = Release|Any CPU
		{737368E3-35FB-449A-99A0-86E17404A476}.Release|ARM64.Build.0 = Release|Any CPU
		{737368E3-35FB-449A-99A0-86E17404A476}.Release|x64.ActiveCfg = Release|Any CPU
		{737368E3-35FB-449A-99A0-86E17404A476}.Release|x64.Build.0 = Release|Any CPU
		{737368E3-35FB-449A-99A0-86E17404A476}.Release|x86.ActiveCfg = Release|Any CPU
		{737368E3-35FB-449A-99A0-86E17404A476}.Release|x86.Build.0 = Release|Any CPU
		{C2CB3A3E-6229-473A-8DDD-101B8D893C8F}.Debug|Any CPU.ActiveCfg = Debug|Any CPU
		{C2CB3A3E-6229-473A-8DDD-101B8D893C8F}.Debug|Any CPU.Build.0 = Debug|Any CPU
		{C2CB3A3E-6229-473A-8DDD-101B8D893C8F}.Debug|ARM.ActiveCfg = Debug|Any CPU
		{C2CB3A3E-6229-473A-8DDD-101B8D893C8F}.Debug|ARM.Build.0 = Debug|Any CPU
		{C2CB3A3E-6229-473A-8DDD-101B8D893C8F}.Debug|ARM64.ActiveCfg = Debug|Any CPU
		{C2CB3A3E-6229-473A-8DDD-101B8D893C8F}.Debug|ARM64.Build.0 = Debug|Any CPU
		{C2CB3A3E-6229-473A-8DDD-101B8D893C8F}.Debug|x64.ActiveCfg = Debug|Any CPU
		{C2CB3A3E-6229-473A-8DDD-101B8D893C8F}.Debug|x64.Build.0 = Debug|Any CPU
		{C2CB3A3E-6229-473A-8DDD-101B8D893C8F}.Debug|x86.ActiveCfg = Debug|Any CPU
		{C2CB3A3E-6229-473A-8DDD-101B8D893C8F}.Debug|x86.Build.0 = Debug|Any CPU
		{C2CB3A3E-6229-473A-8DDD-101B8D893C8F}.Release|Any CPU.ActiveCfg = Release|Any CPU
		{C2CB3A3E-6229-473A-8DDD-101B8D893C8F}.Release|Any CPU.Build.0 = Release|Any CPU
		{C2CB3A3E-6229-473A-8DDD-101B8D893C8F}.Release|ARM.ActiveCfg = Release|Any CPU
		{C2CB3A3E-6229-473A-8DDD-101B8D893C8F}.Release|ARM.Build.0 = Release|Any CPU
		{C2CB3A3E-6229-473A-8DDD-101B8D893C8F}.Release|ARM64.ActiveCfg = Release|Any CPU
		{C2CB3A3E-6229-473A-8DDD-101B8D893C8F}.Release|ARM64.Build.0 = Release|Any CPU
		{C2CB3A3E-6229-473A-8DDD-101B8D893C8F}.Release|x64.ActiveCfg = Release|Any CPU
		{C2CB3A3E-6229-473A-8DDD-101B8D893C8F}.Release|x64.Build.0 = Release|Any CPU
		{C2CB3A3E-6229-473A-8DDD-101B8D893C8F}.Release|x86.ActiveCfg = Release|Any CPU
		{C2CB3A3E-6229-473A-8DDD-101B8D893C8F}.Release|x86.Build.0 = Release|Any CPU
		{0817660D-6E74-4E73-8381-A2FCBD37E4CD}.Debug|Any CPU.ActiveCfg = Debug|Any CPU
		{0817660D-6E74-4E73-8381-A2FCBD37E4CD}.Debug|Any CPU.Build.0 = Debug|Any CPU
		{0817660D-6E74-4E73-8381-A2FCBD37E4CD}.Debug|ARM.ActiveCfg = Debug|Any CPU
		{0817660D-6E74-4E73-8381-A2FCBD37E4CD}.Debug|ARM.Build.0 = Debug|Any CPU
		{0817660D-6E74-4E73-8381-A2FCBD37E4CD}.Debug|ARM64.ActiveCfg = Debug|Any CPU
		{0817660D-6E74-4E73-8381-A2FCBD37E4CD}.Debug|ARM64.Build.0 = Debug|Any CPU
		{0817660D-6E74-4E73-8381-A2FCBD37E4CD}.Debug|x64.ActiveCfg = Debug|Any CPU
		{0817660D-6E74-4E73-8381-A2FCBD37E4CD}.Debug|x64.Build.0 = Debug|Any CPU
		{0817660D-6E74-4E73-8381-A2FCBD37E4CD}.Debug|x86.ActiveCfg = Debug|Any CPU
		{0817660D-6E74-4E73-8381-A2FCBD37E4CD}.Debug|x86.Build.0 = Debug|Any CPU
		{0817660D-6E74-4E73-8381-A2FCBD37E4CD}.Release|Any CPU.ActiveCfg = Release|Any CPU
		{0817660D-6E74-4E73-8381-A2FCBD37E4CD}.Release|Any CPU.Build.0 = Release|Any CPU
		{0817660D-6E74-4E73-8381-A2FCBD37E4CD}.Release|ARM.ActiveCfg = Release|Any CPU
		{0817660D-6E74-4E73-8381-A2FCBD37E4CD}.Release|ARM.Build.0 = Release|Any CPU
		{0817660D-6E74-4E73-8381-A2FCBD37E4CD}.Release|ARM64.ActiveCfg = Release|Any CPU
		{0817660D-6E74-4E73-8381-A2FCBD37E4CD}.Release|ARM64.Build.0 = Release|Any CPU
		{0817660D-6E74-4E73-8381-A2FCBD37E4CD}.Release|x64.ActiveCfg = Release|Any CPU
		{0817660D-6E74-4E73-8381-A2FCBD37E4CD}.Release|x64.Build.0 = Release|Any CPU
		{0817660D-6E74-4E73-8381-A2FCBD37E4CD}.Release|x86.ActiveCfg = Release|Any CPU
		{0817660D-6E74-4E73-8381-A2FCBD37E4CD}.Release|x86.Build.0 = Release|Any CPU
		{23F07C03-55D1-45FB-A419-8ECA347F8B86}.Debug|Any CPU.ActiveCfg = Debug|Any CPU
		{23F07C03-55D1-45FB-A419-8ECA347F8B86}.Debug|Any CPU.Build.0 = Debug|Any CPU
		{23F07C03-55D1-45FB-A419-8ECA347F8B86}.Debug|ARM.ActiveCfg = Debug|Any CPU
		{23F07C03-55D1-45FB-A419-8ECA347F8B86}.Debug|ARM.Build.0 = Debug|Any CPU
		{23F07C03-55D1-45FB-A419-8ECA347F8B86}.Debug|ARM64.ActiveCfg = Debug|Any CPU
		{23F07C03-55D1-45FB-A419-8ECA347F8B86}.Debug|ARM64.Build.0 = Debug|Any CPU
		{23F07C03-55D1-45FB-A419-8ECA347F8B86}.Debug|x64.ActiveCfg = Debug|Any CPU
		{23F07C03-55D1-45FB-A419-8ECA347F8B86}.Debug|x64.Build.0 = Debug|Any CPU
		{23F07C03-55D1-45FB-A419-8ECA347F8B86}.Debug|x86.ActiveCfg = Debug|Any CPU
		{23F07C03-55D1-45FB-A419-8ECA347F8B86}.Debug|x86.Build.0 = Debug|Any CPU
		{23F07C03-55D1-45FB-A419-8ECA347F8B86}.Release|Any CPU.ActiveCfg = Release|Any CPU
		{23F07C03-55D1-45FB-A419-8ECA347F8B86}.Release|Any CPU.Build.0 = Release|Any CPU
		{23F07C03-55D1-45FB-A419-8ECA347F8B86}.Release|ARM.ActiveCfg = Release|Any CPU
		{23F07C03-55D1-45FB-A419-8ECA347F8B86}.Release|ARM.Build.0 = Release|Any CPU
		{23F07C03-55D1-45FB-A419-8ECA347F8B86}.Release|ARM64.ActiveCfg = Release|Any CPU
		{23F07C03-55D1-45FB-A419-8ECA347F8B86}.Release|ARM64.Build.0 = Release|Any CPU
		{23F07C03-55D1-45FB-A419-8ECA347F8B86}.Release|x64.ActiveCfg = Release|Any CPU
		{23F07C03-55D1-45FB-A419-8ECA347F8B86}.Release|x64.Build.0 = Release|Any CPU
		{23F07C03-55D1-45FB-A419-8ECA347F8B86}.Release|x86.ActiveCfg = Release|Any CPU
		{23F07C03-55D1-45FB-A419-8ECA347F8B86}.Release|x86.Build.0 = Release|Any CPU
		{06E02612-F12E-4FF0-AAD3-F14FEA2A7DD1}.Debug|Any CPU.ActiveCfg = Debug|Any CPU
		{06E02612-F12E-4FF0-AAD3-F14FEA2A7DD1}.Debug|Any CPU.Build.0 = Debug|Any CPU
		{06E02612-F12E-4FF0-AAD3-F14FEA2A7DD1}.Debug|ARM.ActiveCfg = Debug|Any CPU
		{06E02612-F12E-4FF0-AAD3-F14FEA2A7DD1}.Debug|ARM.Build.0 = Debug|Any CPU
		{06E02612-F12E-4FF0-AAD3-F14FEA2A7DD1}.Debug|ARM64.ActiveCfg = Debug|Any CPU
		{06E02612-F12E-4FF0-AAD3-F14FEA2A7DD1}.Debug|ARM64.Build.0 = Debug|Any CPU
		{06E02612-F12E-4FF0-AAD3-F14FEA2A7DD1}.Debug|x64.ActiveCfg = Debug|Any CPU
		{06E02612-F12E-4FF0-AAD3-F14FEA2A7DD1}.Debug|x64.Build.0 = Debug|Any CPU
		{06E02612-F12E-4FF0-AAD3-F14FEA2A7DD1}.Debug|x86.ActiveCfg = Debug|Any CPU
		{06E02612-F12E-4FF0-AAD3-F14FEA2A7DD1}.Debug|x86.Build.0 = Debug|Any CPU
		{06E02612-F12E-4FF0-AAD3-F14FEA2A7DD1}.Release|Any CPU.ActiveCfg = Release|Any CPU
		{06E02612-F12E-4FF0-AAD3-F14FEA2A7DD1}.Release|Any CPU.Build.0 = Release|Any CPU
		{06E02612-F12E-4FF0-AAD3-F14FEA2A7DD1}.Release|ARM.ActiveCfg = Release|Any CPU
		{06E02612-F12E-4FF0-AAD3-F14FEA2A7DD1}.Release|ARM.Build.0 = Release|Any CPU
		{06E02612-F12E-4FF0-AAD3-F14FEA2A7DD1}.Release|ARM64.ActiveCfg = Release|Any CPU
		{06E02612-F12E-4FF0-AAD3-F14FEA2A7DD1}.Release|ARM64.Build.0 = Release|Any CPU
		{06E02612-F12E-4FF0-AAD3-F14FEA2A7DD1}.Release|x64.ActiveCfg = Release|Any CPU
		{06E02612-F12E-4FF0-AAD3-F14FEA2A7DD1}.Release|x64.Build.0 = Release|Any CPU
		{06E02612-F12E-4FF0-AAD3-F14FEA2A7DD1}.Release|x86.ActiveCfg = Release|Any CPU
		{06E02612-F12E-4FF0-AAD3-F14FEA2A7DD1}.Release|x86.Build.0 = Release|Any CPU
		{30C94725-9982-4346-AC63-7430A17EE6D9}.Debug|Any CPU.ActiveCfg = Debug|Any CPU
		{30C94725-9982-4346-AC63-7430A17EE6D9}.Debug|Any CPU.Build.0 = Debug|Any CPU
		{30C94725-9982-4346-AC63-7430A17EE6D9}.Debug|ARM.ActiveCfg = Debug|Any CPU
		{30C94725-9982-4346-AC63-7430A17EE6D9}.Debug|ARM.Build.0 = Debug|Any CPU
		{30C94725-9982-4346-AC63-7430A17EE6D9}.Debug|ARM64.ActiveCfg = Debug|Any CPU
		{30C94725-9982-4346-AC63-7430A17EE6D9}.Debug|ARM64.Build.0 = Debug|Any CPU
		{30C94725-9982-4346-AC63-7430A17EE6D9}.Debug|x64.ActiveCfg = Debug|Any CPU
		{30C94725-9982-4346-AC63-7430A17EE6D9}.Debug|x64.Build.0 = Debug|Any CPU
		{30C94725-9982-4346-AC63-7430A17EE6D9}.Debug|x86.ActiveCfg = Debug|Any CPU
		{30C94725-9982-4346-AC63-7430A17EE6D9}.Debug|x86.Build.0 = Debug|Any CPU
		{30C94725-9982-4346-AC63-7430A17EE6D9}.Release|Any CPU.ActiveCfg = Release|Any CPU
		{30C94725-9982-4346-AC63-7430A17EE6D9}.Release|Any CPU.Build.0 = Release|Any CPU
		{30C94725-9982-4346-AC63-7430A17EE6D9}.Release|ARM.ActiveCfg = Release|Any CPU
		{30C94725-9982-4346-AC63-7430A17EE6D9}.Release|ARM.Build.0 = Release|Any CPU
		{30C94725-9982-4346-AC63-7430A17EE6D9}.Release|ARM64.ActiveCfg = Release|Any CPU
		{30C94725-9982-4346-AC63-7430A17EE6D9}.Release|ARM64.Build.0 = Release|Any CPU
		{30C94725-9982-4346-AC63-7430A17EE6D9}.Release|x64.ActiveCfg = Release|Any CPU
		{30C94725-9982-4346-AC63-7430A17EE6D9}.Release|x64.Build.0 = Release|Any CPU
		{30C94725-9982-4346-AC63-7430A17EE6D9}.Release|x86.ActiveCfg = Release|Any CPU
		{30C94725-9982-4346-AC63-7430A17EE6D9}.Release|x86.Build.0 = Release|Any CPU
		{03EB5A10-768A-4DCC-99BC-F4395178AB1E}.Debug|Any CPU.ActiveCfg = Debug|Any CPU
		{03EB5A10-768A-4DCC-99BC-F4395178AB1E}.Debug|Any CPU.Build.0 = Debug|Any CPU
		{03EB5A10-768A-4DCC-99BC-F4395178AB1E}.Debug|ARM.ActiveCfg = Debug|Any CPU
		{03EB5A10-768A-4DCC-99BC-F4395178AB1E}.Debug|ARM.Build.0 = Debug|Any CPU
		{03EB5A10-768A-4DCC-99BC-F4395178AB1E}.Debug|ARM64.ActiveCfg = Debug|Any CPU
		{03EB5A10-768A-4DCC-99BC-F4395178AB1E}.Debug|ARM64.Build.0 = Debug|Any CPU
		{03EB5A10-768A-4DCC-99BC-F4395178AB1E}.Debug|x64.ActiveCfg = Debug|Any CPU
		{03EB5A10-768A-4DCC-99BC-F4395178AB1E}.Debug|x64.Build.0 = Debug|Any CPU
		{03EB5A10-768A-4DCC-99BC-F4395178AB1E}.Debug|x86.ActiveCfg = Debug|Any CPU
		{03EB5A10-768A-4DCC-99BC-F4395178AB1E}.Debug|x86.Build.0 = Debug|Any CPU
		{03EB5A10-768A-4DCC-99BC-F4395178AB1E}.Release|Any CPU.ActiveCfg = Release|Any CPU
		{03EB5A10-768A-4DCC-99BC-F4395178AB1E}.Release|Any CPU.Build.0 = Release|Any CPU
		{03EB5A10-768A-4DCC-99BC-F4395178AB1E}.Release|ARM.ActiveCfg = Release|Any CPU
		{03EB5A10-768A-4DCC-99BC-F4395178AB1E}.Release|ARM.Build.0 = Release|Any CPU
		{03EB5A10-768A-4DCC-99BC-F4395178AB1E}.Release|ARM64.ActiveCfg = Release|Any CPU
		{03EB5A10-768A-4DCC-99BC-F4395178AB1E}.Release|ARM64.Build.0 = Release|Any CPU
		{03EB5A10-768A-4DCC-99BC-F4395178AB1E}.Release|x64.ActiveCfg = Release|Any CPU
		{03EB5A10-768A-4DCC-99BC-F4395178AB1E}.Release|x64.Build.0 = Release|Any CPU
		{03EB5A10-768A-4DCC-99BC-F4395178AB1E}.Release|x86.ActiveCfg = Release|Any CPU
		{03EB5A10-768A-4DCC-99BC-F4395178AB1E}.Release|x86.Build.0 = Release|Any CPU
		{B3E81C67-5F33-4DDB-BECD-8F78497FB3EA}.Debug|Any CPU.ActiveCfg = Debug|Any CPU
		{B3E81C67-5F33-4DDB-BECD-8F78497FB3EA}.Debug|Any CPU.Build.0 = Debug|Any CPU
		{B3E81C67-5F33-4DDB-BECD-8F78497FB3EA}.Debug|ARM.ActiveCfg = Debug|Any CPU
		{B3E81C67-5F33-4DDB-BECD-8F78497FB3EA}.Debug|ARM.Build.0 = Debug|Any CPU
		{B3E81C67-5F33-4DDB-BECD-8F78497FB3EA}.Debug|ARM64.ActiveCfg = Debug|Any CPU
		{B3E81C67-5F33-4DDB-BECD-8F78497FB3EA}.Debug|ARM64.Build.0 = Debug|Any CPU
		{B3E81C67-5F33-4DDB-BECD-8F78497FB3EA}.Debug|x64.ActiveCfg = Debug|Any CPU
		{B3E81C67-5F33-4DDB-BECD-8F78497FB3EA}.Debug|x64.Build.0 = Debug|Any CPU
		{B3E81C67-5F33-4DDB-BECD-8F78497FB3EA}.Debug|x86.ActiveCfg = Debug|Any CPU
		{B3E81C67-5F33-4DDB-BECD-8F78497FB3EA}.Debug|x86.Build.0 = Debug|Any CPU
		{B3E81C67-5F33-4DDB-BECD-8F78497FB3EA}.Release|Any CPU.ActiveCfg = Release|Any CPU
		{B3E81C67-5F33-4DDB-BECD-8F78497FB3EA}.Release|Any CPU.Build.0 = Release|Any CPU
		{B3E81C67-5F33-4DDB-BECD-8F78497FB3EA}.Release|ARM.ActiveCfg = Release|Any CPU
		{B3E81C67-5F33-4DDB-BECD-8F78497FB3EA}.Release|ARM.Build.0 = Release|Any CPU
		{B3E81C67-5F33-4DDB-BECD-8F78497FB3EA}.Release|ARM64.ActiveCfg = Release|Any CPU
		{B3E81C67-5F33-4DDB-BECD-8F78497FB3EA}.Release|ARM64.Build.0 = Release|Any CPU
		{B3E81C67-5F33-4DDB-BECD-8F78497FB3EA}.Release|x64.ActiveCfg = Release|Any CPU
		{B3E81C67-5F33-4DDB-BECD-8F78497FB3EA}.Release|x64.Build.0 = Release|Any CPU
		{B3E81C67-5F33-4DDB-BECD-8F78497FB3EA}.Release|x86.ActiveCfg = Release|Any CPU
		{B3E81C67-5F33-4DDB-BECD-8F78497FB3EA}.Release|x86.Build.0 = Release|Any CPU
		{4F98957D-900D-4A93-971D-DAF81DB832B8}.Debug|Any CPU.ActiveCfg = Debug|Any CPU
		{4F98957D-900D-4A93-971D-DAF81DB832B8}.Debug|Any CPU.Build.0 = Debug|Any CPU
		{4F98957D-900D-4A93-971D-DAF81DB832B8}.Debug|ARM.ActiveCfg = Debug|Any CPU
		{4F98957D-900D-4A93-971D-DAF81DB832B8}.Debug|ARM.Build.0 = Debug|Any CPU
		{4F98957D-900D-4A93-971D-DAF81DB832B8}.Debug|ARM64.ActiveCfg = Debug|Any CPU
		{4F98957D-900D-4A93-971D-DAF81DB832B8}.Debug|ARM64.Build.0 = Debug|Any CPU
		{4F98957D-900D-4A93-971D-DAF81DB832B8}.Debug|x64.ActiveCfg = Debug|Any CPU
		{4F98957D-900D-4A93-971D-DAF81DB832B8}.Debug|x64.Build.0 = Debug|Any CPU
		{4F98957D-900D-4A93-971D-DAF81DB832B8}.Debug|x86.ActiveCfg = Debug|Any CPU
		{4F98957D-900D-4A93-971D-DAF81DB832B8}.Debug|x86.Build.0 = Debug|Any CPU
		{4F98957D-900D-4A93-971D-DAF81DB832B8}.Release|Any CPU.ActiveCfg = Release|Any CPU
		{4F98957D-900D-4A93-971D-DAF81DB832B8}.Release|Any CPU.Build.0 = Release|Any CPU
		{4F98957D-900D-4A93-971D-DAF81DB832B8}.Release|ARM.ActiveCfg = Release|Any CPU
		{4F98957D-900D-4A93-971D-DAF81DB832B8}.Release|ARM.Build.0 = Release|Any CPU
		{4F98957D-900D-4A93-971D-DAF81DB832B8}.Release|ARM64.ActiveCfg = Release|Any CPU
		{4F98957D-900D-4A93-971D-DAF81DB832B8}.Release|ARM64.Build.0 = Release|Any CPU
		{4F98957D-900D-4A93-971D-DAF81DB832B8}.Release|x64.ActiveCfg = Release|Any CPU
		{4F98957D-900D-4A93-971D-DAF81DB832B8}.Release|x64.Build.0 = Release|Any CPU
		{4F98957D-900D-4A93-971D-DAF81DB832B8}.Release|x86.ActiveCfg = Release|Any CPU
		{4F98957D-900D-4A93-971D-DAF81DB832B8}.Release|x86.Build.0 = Release|Any CPU
		{2BA26E4F-D216-4E84-98DE-C81C6862CB15}.Debug|Any CPU.ActiveCfg = Debug|Any CPU
		{2BA26E4F-D216-4E84-98DE-C81C6862CB15}.Debug|Any CPU.Build.0 = Debug|Any CPU
		{2BA26E4F-D216-4E84-98DE-C81C6862CB15}.Debug|ARM.ActiveCfg = Debug|Any CPU
		{2BA26E4F-D216-4E84-98DE-C81C6862CB15}.Debug|ARM.Build.0 = Debug|Any CPU
		{2BA26E4F-D216-4E84-98DE-C81C6862CB15}.Debug|ARM64.ActiveCfg = Debug|Any CPU
		{2BA26E4F-D216-4E84-98DE-C81C6862CB15}.Debug|ARM64.Build.0 = Debug|Any CPU
		{2BA26E4F-D216-4E84-98DE-C81C6862CB15}.Debug|x64.ActiveCfg = Debug|Any CPU
		{2BA26E4F-D216-4E84-98DE-C81C6862CB15}.Debug|x64.Build.0 = Debug|Any CPU
		{2BA26E4F-D216-4E84-98DE-C81C6862CB15}.Debug|x86.ActiveCfg = Debug|Any CPU
		{2BA26E4F-D216-4E84-98DE-C81C6862CB15}.Debug|x86.Build.0 = Debug|Any CPU
		{2BA26E4F-D216-4E84-98DE-C81C6862CB15}.Release|Any CPU.ActiveCfg = Release|Any CPU
		{2BA26E4F-D216-4E84-98DE-C81C6862CB15}.Release|Any CPU.Build.0 = Release|Any CPU
		{2BA26E4F-D216-4E84-98DE-C81C6862CB15}.Release|ARM.ActiveCfg = Release|Any CPU
		{2BA26E4F-D216-4E84-98DE-C81C6862CB15}.Release|ARM.Build.0 = Release|Any CPU
		{2BA26E4F-D216-4E84-98DE-C81C6862CB15}.Release|ARM64.ActiveCfg = Release|Any CPU
		{2BA26E4F-D216-4E84-98DE-C81C6862CB15}.Release|ARM64.Build.0 = Release|Any CPU
		{2BA26E4F-D216-4E84-98DE-C81C6862CB15}.Release|x64.ActiveCfg = Release|Any CPU
		{2BA26E4F-D216-4E84-98DE-C81C6862CB15}.Release|x64.Build.0 = Release|Any CPU
		{2BA26E4F-D216-4E84-98DE-C81C6862CB15}.Release|x86.ActiveCfg = Release|Any CPU
		{2BA26E4F-D216-4E84-98DE-C81C6862CB15}.Release|x86.Build.0 = Release|Any CPU
		{BA13B7ED-018C-4593-ADBC-6C080D27F605}.Debug|Any CPU.ActiveCfg = Debug|Any CPU
		{BA13B7ED-018C-4593-ADBC-6C080D27F605}.Debug|Any CPU.Build.0 = Debug|Any CPU
		{BA13B7ED-018C-4593-ADBC-6C080D27F605}.Debug|ARM.ActiveCfg = Debug|Any CPU
		{BA13B7ED-018C-4593-ADBC-6C080D27F605}.Debug|ARM.Build.0 = Debug|Any CPU
		{BA13B7ED-018C-4593-ADBC-6C080D27F605}.Debug|ARM64.ActiveCfg = Debug|Any CPU
		{BA13B7ED-018C-4593-ADBC-6C080D27F605}.Debug|ARM64.Build.0 = Debug|Any CPU
		{BA13B7ED-018C-4593-ADBC-6C080D27F605}.Debug|x64.ActiveCfg = Debug|Any CPU
		{BA13B7ED-018C-4593-ADBC-6C080D27F605}.Debug|x64.Build.0 = Debug|Any CPU
		{BA13B7ED-018C-4593-ADBC-6C080D27F605}.Debug|x86.ActiveCfg = Debug|Any CPU
		{BA13B7ED-018C-4593-ADBC-6C080D27F605}.Debug|x86.Build.0 = Debug|Any CPU
		{BA13B7ED-018C-4593-ADBC-6C080D27F605}.Release|Any CPU.ActiveCfg = Release|Any CPU
		{BA13B7ED-018C-4593-ADBC-6C080D27F605}.Release|Any CPU.Build.0 = Release|Any CPU
		{BA13B7ED-018C-4593-ADBC-6C080D27F605}.Release|ARM.ActiveCfg = Release|Any CPU
		{BA13B7ED-018C-4593-ADBC-6C080D27F605}.Release|ARM.Build.0 = Release|Any CPU
		{BA13B7ED-018C-4593-ADBC-6C080D27F605}.Release|ARM64.ActiveCfg = Release|Any CPU
		{BA13B7ED-018C-4593-ADBC-6C080D27F605}.Release|ARM64.Build.0 = Release|Any CPU
		{BA13B7ED-018C-4593-ADBC-6C080D27F605}.Release|x64.ActiveCfg = Release|Any CPU
		{BA13B7ED-018C-4593-ADBC-6C080D27F605}.Release|x64.Build.0 = Release|Any CPU
		{BA13B7ED-018C-4593-ADBC-6C080D27F605}.Release|x86.ActiveCfg = Release|Any CPU
		{BA13B7ED-018C-4593-ADBC-6C080D27F605}.Release|x86.Build.0 = Release|Any CPU
		{5B304BA8-A8C2-42DD-A8BC-04A2C75942CD}.Debug|Any CPU.ActiveCfg = Debug|Any CPU
		{5B304BA8-A8C2-42DD-A8BC-04A2C75942CD}.Debug|Any CPU.Build.0 = Debug|Any CPU
		{5B304BA8-A8C2-42DD-A8BC-04A2C75942CD}.Debug|ARM.ActiveCfg = Debug|Any CPU
		{5B304BA8-A8C2-42DD-A8BC-04A2C75942CD}.Debug|ARM.Build.0 = Debug|Any CPU
		{5B304BA8-A8C2-42DD-A8BC-04A2C75942CD}.Debug|ARM64.ActiveCfg = Debug|Any CPU
		{5B304BA8-A8C2-42DD-A8BC-04A2C75942CD}.Debug|ARM64.Build.0 = Debug|Any CPU
		{5B304BA8-A8C2-42DD-A8BC-04A2C75942CD}.Debug|x64.ActiveCfg = Debug|Any CPU
		{5B304BA8-A8C2-42DD-A8BC-04A2C75942CD}.Debug|x64.Build.0 = Debug|Any CPU
		{5B304BA8-A8C2-42DD-A8BC-04A2C75942CD}.Debug|x86.ActiveCfg = Debug|Any CPU
		{5B304BA8-A8C2-42DD-A8BC-04A2C75942CD}.Debug|x86.Build.0 = Debug|Any CPU
		{5B304BA8-A8C2-42DD-A8BC-04A2C75942CD}.Release|Any CPU.ActiveCfg = Release|Any CPU
		{5B304BA8-A8C2-42DD-A8BC-04A2C75942CD}.Release|Any CPU.Build.0 = Release|Any CPU
		{5B304BA8-A8C2-42DD-A8BC-04A2C75942CD}.Release|ARM.ActiveCfg = Release|Any CPU
		{5B304BA8-A8C2-42DD-A8BC-04A2C75942CD}.Release|ARM.Build.0 = Release|Any CPU
		{5B304BA8-A8C2-42DD-A8BC-04A2C75942CD}.Release|ARM64.ActiveCfg = Release|Any CPU
		{5B304BA8-A8C2-42DD-A8BC-04A2C75942CD}.Release|ARM64.Build.0 = Release|Any CPU
		{5B304BA8-A8C2-42DD-A8BC-04A2C75942CD}.Release|x64.ActiveCfg = Release|Any CPU
		{5B304BA8-A8C2-42DD-A8BC-04A2C75942CD}.Release|x64.Build.0 = Release|Any CPU
		{5B304BA8-A8C2-42DD-A8BC-04A2C75942CD}.Release|x86.ActiveCfg = Release|Any CPU
		{5B304BA8-A8C2-42DD-A8BC-04A2C75942CD}.Release|x86.Build.0 = Release|Any CPU
		{C5600F42-966B-4DBF-95EF-AF80EBE5D281}.Debug|Any CPU.ActiveCfg = Debug|Any CPU
		{C5600F42-966B-4DBF-95EF-AF80EBE5D281}.Debug|Any CPU.Build.0 = Debug|Any CPU
		{C5600F42-966B-4DBF-95EF-AF80EBE5D281}.Debug|ARM.ActiveCfg = Debug|Any CPU
		{C5600F42-966B-4DBF-95EF-AF80EBE5D281}.Debug|ARM.Build.0 = Debug|Any CPU
		{C5600F42-966B-4DBF-95EF-AF80EBE5D281}.Debug|ARM64.ActiveCfg = Debug|Any CPU
		{C5600F42-966B-4DBF-95EF-AF80EBE5D281}.Debug|ARM64.Build.0 = Debug|Any CPU
		{C5600F42-966B-4DBF-95EF-AF80EBE5D281}.Debug|x64.ActiveCfg = Debug|Any CPU
		{C5600F42-966B-4DBF-95EF-AF80EBE5D281}.Debug|x64.Build.0 = Debug|Any CPU
		{C5600F42-966B-4DBF-95EF-AF80EBE5D281}.Debug|x86.ActiveCfg = Debug|Any CPU
		{C5600F42-966B-4DBF-95EF-AF80EBE5D281}.Debug|x86.Build.0 = Debug|Any CPU
		{C5600F42-966B-4DBF-95EF-AF80EBE5D281}.Release|Any CPU.ActiveCfg = Release|Any CPU
		{C5600F42-966B-4DBF-95EF-AF80EBE5D281}.Release|Any CPU.Build.0 = Release|Any CPU
		{C5600F42-966B-4DBF-95EF-AF80EBE5D281}.Release|ARM.ActiveCfg = Release|Any CPU
		{C5600F42-966B-4DBF-95EF-AF80EBE5D281}.Release|ARM.Build.0 = Release|Any CPU
		{C5600F42-966B-4DBF-95EF-AF80EBE5D281}.Release|ARM64.ActiveCfg = Release|Any CPU
		{C5600F42-966B-4DBF-95EF-AF80EBE5D281}.Release|ARM64.Build.0 = Release|Any CPU
		{C5600F42-966B-4DBF-95EF-AF80EBE5D281}.Release|x64.ActiveCfg = Release|Any CPU
		{C5600F42-966B-4DBF-95EF-AF80EBE5D281}.Release|x64.Build.0 = Release|Any CPU
		{C5600F42-966B-4DBF-95EF-AF80EBE5D281}.Release|x86.ActiveCfg = Release|Any CPU
		{C5600F42-966B-4DBF-95EF-AF80EBE5D281}.Release|x86.Build.0 = Release|Any CPU
		{4259A5E3-A723-4ACA-84E4-78BB5FB0BE09}.Debug|Any CPU.ActiveCfg = Debug|Any CPU
		{4259A5E3-A723-4ACA-84E4-78BB5FB0BE09}.Debug|Any CPU.Build.0 = Debug|Any CPU
		{4259A5E3-A723-4ACA-84E4-78BB5FB0BE09}.Debug|ARM.ActiveCfg = Debug|Any CPU
		{4259A5E3-A723-4ACA-84E4-78BB5FB0BE09}.Debug|ARM.Build.0 = Debug|Any CPU
		{4259A5E3-A723-4ACA-84E4-78BB5FB0BE09}.Debug|ARM64.ActiveCfg = Debug|Any CPU
		{4259A5E3-A723-4ACA-84E4-78BB5FB0BE09}.Debug|ARM64.Build.0 = Debug|Any CPU
		{4259A5E3-A723-4ACA-84E4-78BB5FB0BE09}.Debug|x64.ActiveCfg = Debug|Any CPU
		{4259A5E3-A723-4ACA-84E4-78BB5FB0BE09}.Debug|x64.Build.0 = Debug|Any CPU
		{4259A5E3-A723-4ACA-84E4-78BB5FB0BE09}.Debug|x86.ActiveCfg = Debug|Any CPU
		{4259A5E3-A723-4ACA-84E4-78BB5FB0BE09}.Debug|x86.Build.0 = Debug|Any CPU
		{4259A5E3-A723-4ACA-84E4-78BB5FB0BE09}.Release|Any CPU.ActiveCfg = Release|Any CPU
		{4259A5E3-A723-4ACA-84E4-78BB5FB0BE09}.Release|Any CPU.Build.0 = Release|Any CPU
		{4259A5E3-A723-4ACA-84E4-78BB5FB0BE09}.Release|ARM.ActiveCfg = Release|Any CPU
		{4259A5E3-A723-4ACA-84E4-78BB5FB0BE09}.Release|ARM.Build.0 = Release|Any CPU
		{4259A5E3-A723-4ACA-84E4-78BB5FB0BE09}.Release|ARM64.ActiveCfg = Release|Any CPU
		{4259A5E3-A723-4ACA-84E4-78BB5FB0BE09}.Release|ARM64.Build.0 = Release|Any CPU
		{4259A5E3-A723-4ACA-84E4-78BB5FB0BE09}.Release|x64.ActiveCfg = Release|Any CPU
		{4259A5E3-A723-4ACA-84E4-78BB5FB0BE09}.Release|x64.Build.0 = Release|Any CPU
		{4259A5E3-A723-4ACA-84E4-78BB5FB0BE09}.Release|x86.ActiveCfg = Release|Any CPU
		{4259A5E3-A723-4ACA-84E4-78BB5FB0BE09}.Release|x86.Build.0 = Release|Any CPU
		{9760A07E-B467-4962-858D-A14B9329A718}.Debug|Any CPU.ActiveCfg = Debug|Any CPU
		{9760A07E-B467-4962-858D-A14B9329A718}.Debug|Any CPU.Build.0 = Debug|Any CPU
		{9760A07E-B467-4962-858D-A14B9329A718}.Debug|ARM.ActiveCfg = Debug|Any CPU
		{9760A07E-B467-4962-858D-A14B9329A718}.Debug|ARM.Build.0 = Debug|Any CPU
		{9760A07E-B467-4962-858D-A14B9329A718}.Debug|ARM64.ActiveCfg = Debug|Any CPU
		{9760A07E-B467-4962-858D-A14B9329A718}.Debug|ARM64.Build.0 = Debug|Any CPU
		{9760A07E-B467-4962-858D-A14B9329A718}.Debug|x64.ActiveCfg = Debug|Any CPU
		{9760A07E-B467-4962-858D-A14B9329A718}.Debug|x64.Build.0 = Debug|Any CPU
		{9760A07E-B467-4962-858D-A14B9329A718}.Debug|x86.ActiveCfg = Debug|Any CPU
		{9760A07E-B467-4962-858D-A14B9329A718}.Debug|x86.Build.0 = Debug|Any CPU
		{9760A07E-B467-4962-858D-A14B9329A718}.Release|Any CPU.ActiveCfg = Release|Any CPU
		{9760A07E-B467-4962-858D-A14B9329A718}.Release|Any CPU.Build.0 = Release|Any CPU
		{9760A07E-B467-4962-858D-A14B9329A718}.Release|ARM.ActiveCfg = Release|Any CPU
		{9760A07E-B467-4962-858D-A14B9329A718}.Release|ARM.Build.0 = Release|Any CPU
		{9760A07E-B467-4962-858D-A14B9329A718}.Release|ARM64.ActiveCfg = Release|Any CPU
		{9760A07E-B467-4962-858D-A14B9329A718}.Release|ARM64.Build.0 = Release|Any CPU
		{9760A07E-B467-4962-858D-A14B9329A718}.Release|x64.ActiveCfg = Release|Any CPU
		{9760A07E-B467-4962-858D-A14B9329A718}.Release|x64.Build.0 = Release|Any CPU
		{9760A07E-B467-4962-858D-A14B9329A718}.Release|x86.ActiveCfg = Release|Any CPU
		{9760A07E-B467-4962-858D-A14B9329A718}.Release|x86.Build.0 = Release|Any CPU
		{779968E6-6F53-4E37-97E8-D8FF53A35E5E}.Debug|Any CPU.ActiveCfg = Debug|Any CPU
		{779968E6-6F53-4E37-97E8-D8FF53A35E5E}.Debug|Any CPU.Build.0 = Debug|Any CPU
		{779968E6-6F53-4E37-97E8-D8FF53A35E5E}.Debug|ARM.ActiveCfg = Debug|Any CPU
		{779968E6-6F53-4E37-97E8-D8FF53A35E5E}.Debug|ARM.Build.0 = Debug|Any CPU
		{779968E6-6F53-4E37-97E8-D8FF53A35E5E}.Debug|ARM64.ActiveCfg = Debug|Any CPU
		{779968E6-6F53-4E37-97E8-D8FF53A35E5E}.Debug|ARM64.Build.0 = Debug|Any CPU
		{779968E6-6F53-4E37-97E8-D8FF53A35E5E}.Debug|x64.ActiveCfg = Debug|Any CPU
		{779968E6-6F53-4E37-97E8-D8FF53A35E5E}.Debug|x64.Build.0 = Debug|Any CPU
		{779968E6-6F53-4E37-97E8-D8FF53A35E5E}.Debug|x86.ActiveCfg = Debug|Any CPU
		{779968E6-6F53-4E37-97E8-D8FF53A35E5E}.Debug|x86.Build.0 = Debug|Any CPU
		{779968E6-6F53-4E37-97E8-D8FF53A35E5E}.Release|Any CPU.ActiveCfg = Release|Any CPU
		{779968E6-6F53-4E37-97E8-D8FF53A35E5E}.Release|Any CPU.Build.0 = Release|Any CPU
		{779968E6-6F53-4E37-97E8-D8FF53A35E5E}.Release|ARM.ActiveCfg = Release|Any CPU
		{779968E6-6F53-4E37-97E8-D8FF53A35E5E}.Release|ARM.Build.0 = Release|Any CPU
		{779968E6-6F53-4E37-97E8-D8FF53A35E5E}.Release|ARM64.ActiveCfg = Release|Any CPU
		{779968E6-6F53-4E37-97E8-D8FF53A35E5E}.Release|ARM64.Build.0 = Release|Any CPU
		{779968E6-6F53-4E37-97E8-D8FF53A35E5E}.Release|x64.ActiveCfg = Release|Any CPU
		{779968E6-6F53-4E37-97E8-D8FF53A35E5E}.Release|x64.Build.0 = Release|Any CPU
		{779968E6-6F53-4E37-97E8-D8FF53A35E5E}.Release|x86.ActiveCfg = Release|Any CPU
		{779968E6-6F53-4E37-97E8-D8FF53A35E5E}.Release|x86.Build.0 = Release|Any CPU
		{C63F08A8-300F-4B8B-A419-17AF885BBC40}.Debug|Any CPU.ActiveCfg = Debug|Any CPU
		{C63F08A8-300F-4B8B-A419-17AF885BBC40}.Debug|Any CPU.Build.0 = Debug|Any CPU
		{C63F08A8-300F-4B8B-A419-17AF885BBC40}.Debug|ARM.ActiveCfg = Debug|Any CPU
		{C63F08A8-300F-4B8B-A419-17AF885BBC40}.Debug|ARM.Build.0 = Debug|Any CPU
		{C63F08A8-300F-4B8B-A419-17AF885BBC40}.Debug|ARM64.ActiveCfg = Debug|Any CPU
		{C63F08A8-300F-4B8B-A419-17AF885BBC40}.Debug|ARM64.Build.0 = Debug|Any CPU
		{C63F08A8-300F-4B8B-A419-17AF885BBC40}.Debug|x64.ActiveCfg = Debug|Any CPU
		{C63F08A8-300F-4B8B-A419-17AF885BBC40}.Debug|x64.Build.0 = Debug|Any CPU
		{C63F08A8-300F-4B8B-A419-17AF885BBC40}.Debug|x86.ActiveCfg = Debug|Any CPU
		{C63F08A8-300F-4B8B-A419-17AF885BBC40}.Debug|x86.Build.0 = Debug|Any CPU
		{C63F08A8-300F-4B8B-A419-17AF885BBC40}.Release|Any CPU.ActiveCfg = Release|Any CPU
		{C63F08A8-300F-4B8B-A419-17AF885BBC40}.Release|Any CPU.Build.0 = Release|Any CPU
		{C63F08A8-300F-4B8B-A419-17AF885BBC40}.Release|ARM.ActiveCfg = Release|Any CPU
		{C63F08A8-300F-4B8B-A419-17AF885BBC40}.Release|ARM.Build.0 = Release|Any CPU
		{C63F08A8-300F-4B8B-A419-17AF885BBC40}.Release|ARM64.ActiveCfg = Release|Any CPU
		{C63F08A8-300F-4B8B-A419-17AF885BBC40}.Release|ARM64.Build.0 = Release|Any CPU
		{C63F08A8-300F-4B8B-A419-17AF885BBC40}.Release|x64.ActiveCfg = Release|Any CPU
		{C63F08A8-300F-4B8B-A419-17AF885BBC40}.Release|x64.Build.0 = Release|Any CPU
		{C63F08A8-300F-4B8B-A419-17AF885BBC40}.Release|x86.ActiveCfg = Release|Any CPU
		{C63F08A8-300F-4B8B-A419-17AF885BBC40}.Release|x86.Build.0 = Release|Any CPU
		{6F64AE85-6F38-4227-8BF7-B88A09242F61}.Debug|Any CPU.ActiveCfg = Debug|Any CPU
		{6F64AE85-6F38-4227-8BF7-B88A09242F61}.Debug|Any CPU.Build.0 = Debug|Any CPU
		{6F64AE85-6F38-4227-8BF7-B88A09242F61}.Debug|ARM.ActiveCfg = Debug|Any CPU
		{6F64AE85-6F38-4227-8BF7-B88A09242F61}.Debug|ARM.Build.0 = Debug|Any CPU
		{6F64AE85-6F38-4227-8BF7-B88A09242F61}.Debug|ARM64.ActiveCfg = Debug|Any CPU
		{6F64AE85-6F38-4227-8BF7-B88A09242F61}.Debug|ARM64.Build.0 = Debug|Any CPU
		{6F64AE85-6F38-4227-8BF7-B88A09242F61}.Debug|x64.ActiveCfg = Debug|Any CPU
		{6F64AE85-6F38-4227-8BF7-B88A09242F61}.Debug|x64.Build.0 = Debug|Any CPU
		{6F64AE85-6F38-4227-8BF7-B88A09242F61}.Debug|x86.ActiveCfg = Debug|Any CPU
		{6F64AE85-6F38-4227-8BF7-B88A09242F61}.Debug|x86.Build.0 = Debug|Any CPU
		{6F64AE85-6F38-4227-8BF7-B88A09242F61}.Release|Any CPU.ActiveCfg = Release|Any CPU
		{6F64AE85-6F38-4227-8BF7-B88A09242F61}.Release|Any CPU.Build.0 = Release|Any CPU
		{6F64AE85-6F38-4227-8BF7-B88A09242F61}.Release|ARM.ActiveCfg = Release|Any CPU
		{6F64AE85-6F38-4227-8BF7-B88A09242F61}.Release|ARM.Build.0 = Release|Any CPU
		{6F64AE85-6F38-4227-8BF7-B88A09242F61}.Release|ARM64.ActiveCfg = Release|Any CPU
		{6F64AE85-6F38-4227-8BF7-B88A09242F61}.Release|ARM64.Build.0 = Release|Any CPU
		{6F64AE85-6F38-4227-8BF7-B88A09242F61}.Release|x64.ActiveCfg = Release|Any CPU
		{6F64AE85-6F38-4227-8BF7-B88A09242F61}.Release|x64.Build.0 = Release|Any CPU
		{6F64AE85-6F38-4227-8BF7-B88A09242F61}.Release|x86.ActiveCfg = Release|Any CPU
		{6F64AE85-6F38-4227-8BF7-B88A09242F61}.Release|x86.Build.0 = Release|Any CPU
		{65BFF245-101E-449E-B661-00AEF34F64EA}.Debug|Any CPU.ActiveCfg = Debug|Any CPU
		{65BFF245-101E-449E-B661-00AEF34F64EA}.Debug|Any CPU.Build.0 = Debug|Any CPU
		{65BFF245-101E-449E-B661-00AEF34F64EA}.Debug|ARM.ActiveCfg = Debug|Any CPU
		{65BFF245-101E-449E-B661-00AEF34F64EA}.Debug|ARM.Build.0 = Debug|Any CPU
		{65BFF245-101E-449E-B661-00AEF34F64EA}.Debug|ARM64.ActiveCfg = Debug|Any CPU
		{65BFF245-101E-449E-B661-00AEF34F64EA}.Debug|ARM64.Build.0 = Debug|Any CPU
		{65BFF245-101E-449E-B661-00AEF34F64EA}.Debug|x64.ActiveCfg = Debug|Any CPU
		{65BFF245-101E-449E-B661-00AEF34F64EA}.Debug|x64.Build.0 = Debug|Any CPU
		{65BFF245-101E-449E-B661-00AEF34F64EA}.Debug|x86.ActiveCfg = Debug|Any CPU
		{65BFF245-101E-449E-B661-00AEF34F64EA}.Debug|x86.Build.0 = Debug|Any CPU
		{65BFF245-101E-449E-B661-00AEF34F64EA}.Release|Any CPU.ActiveCfg = Release|Any CPU
		{65BFF245-101E-449E-B661-00AEF34F64EA}.Release|Any CPU.Build.0 = Release|Any CPU
		{65BFF245-101E-449E-B661-00AEF34F64EA}.Release|ARM.ActiveCfg = Release|Any CPU
		{65BFF245-101E-449E-B661-00AEF34F64EA}.Release|ARM.Build.0 = Release|Any CPU
		{65BFF245-101E-449E-B661-00AEF34F64EA}.Release|ARM64.ActiveCfg = Release|Any CPU
		{65BFF245-101E-449E-B661-00AEF34F64EA}.Release|ARM64.Build.0 = Release|Any CPU
		{65BFF245-101E-449E-B661-00AEF34F64EA}.Release|x64.ActiveCfg = Release|Any CPU
		{65BFF245-101E-449E-B661-00AEF34F64EA}.Release|x64.Build.0 = Release|Any CPU
		{65BFF245-101E-449E-B661-00AEF34F64EA}.Release|x86.ActiveCfg = Release|Any CPU
		{65BFF245-101E-449E-B661-00AEF34F64EA}.Release|x86.Build.0 = Release|Any CPU
		{73C410A0-6405-4D20-8E50-2856F074D80E}.Debug|Any CPU.ActiveCfg = Debug|Any CPU
		{73C410A0-6405-4D20-8E50-2856F074D80E}.Debug|Any CPU.Build.0 = Debug|Any CPU
		{73C410A0-6405-4D20-8E50-2856F074D80E}.Debug|ARM.ActiveCfg = Debug|Any CPU
		{73C410A0-6405-4D20-8E50-2856F074D80E}.Debug|ARM.Build.0 = Debug|Any CPU
		{73C410A0-6405-4D20-8E50-2856F074D80E}.Debug|ARM64.ActiveCfg = Debug|Any CPU
		{73C410A0-6405-4D20-8E50-2856F074D80E}.Debug|ARM64.Build.0 = Debug|Any CPU
		{73C410A0-6405-4D20-8E50-2856F074D80E}.Debug|x64.ActiveCfg = Debug|Any CPU
		{73C410A0-6405-4D20-8E50-2856F074D80E}.Debug|x64.Build.0 = Debug|Any CPU
		{73C410A0-6405-4D20-8E50-2856F074D80E}.Debug|x86.ActiveCfg = Debug|Any CPU
		{73C410A0-6405-4D20-8E50-2856F074D80E}.Debug|x86.Build.0 = Debug|Any CPU
		{73C410A0-6405-4D20-8E50-2856F074D80E}.Release|Any CPU.ActiveCfg = Release|Any CPU
		{73C410A0-6405-4D20-8E50-2856F074D80E}.Release|Any CPU.Build.0 = Release|Any CPU
		{73C410A0-6405-4D20-8E50-2856F074D80E}.Release|ARM.ActiveCfg = Release|Any CPU
		{73C410A0-6405-4D20-8E50-2856F074D80E}.Release|ARM.Build.0 = Release|Any CPU
		{73C410A0-6405-4D20-8E50-2856F074D80E}.Release|ARM64.ActiveCfg = Release|Any CPU
		{73C410A0-6405-4D20-8E50-2856F074D80E}.Release|ARM64.Build.0 = Release|Any CPU
		{73C410A0-6405-4D20-8E50-2856F074D80E}.Release|x64.ActiveCfg = Release|Any CPU
		{73C410A0-6405-4D20-8E50-2856F074D80E}.Release|x64.Build.0 = Release|Any CPU
		{73C410A0-6405-4D20-8E50-2856F074D80E}.Release|x86.ActiveCfg = Release|Any CPU
		{73C410A0-6405-4D20-8E50-2856F074D80E}.Release|x86.Build.0 = Release|Any CPU
		{7B243883-B771-4778-8CDC-7514B7147504}.Debug|Any CPU.ActiveCfg = Debug|Any CPU
		{7B243883-B771-4778-8CDC-7514B7147504}.Debug|Any CPU.Build.0 = Debug|Any CPU
		{7B243883-B771-4778-8CDC-7514B7147504}.Debug|ARM.ActiveCfg = Debug|Any CPU
		{7B243883-B771-4778-8CDC-7514B7147504}.Debug|ARM.Build.0 = Debug|Any CPU
		{7B243883-B771-4778-8CDC-7514B7147504}.Debug|ARM64.ActiveCfg = Debug|Any CPU
		{7B243883-B771-4778-8CDC-7514B7147504}.Debug|ARM64.Build.0 = Debug|Any CPU
		{7B243883-B771-4778-8CDC-7514B7147504}.Debug|x64.ActiveCfg = Debug|Any CPU
		{7B243883-B771-4778-8CDC-7514B7147504}.Debug|x64.Build.0 = Debug|Any CPU
		{7B243883-B771-4778-8CDC-7514B7147504}.Debug|x86.ActiveCfg = Debug|Any CPU
		{7B243883-B771-4778-8CDC-7514B7147504}.Debug|x86.Build.0 = Debug|Any CPU
		{7B243883-B771-4778-8CDC-7514B7147504}.Release|Any CPU.ActiveCfg = Release|Any CPU
		{7B243883-B771-4778-8CDC-7514B7147504}.Release|Any CPU.Build.0 = Release|Any CPU
		{7B243883-B771-4778-8CDC-7514B7147504}.Release|ARM.ActiveCfg = Release|Any CPU
		{7B243883-B771-4778-8CDC-7514B7147504}.Release|ARM.Build.0 = Release|Any CPU
		{7B243883-B771-4778-8CDC-7514B7147504}.Release|ARM64.ActiveCfg = Release|Any CPU
		{7B243883-B771-4778-8CDC-7514B7147504}.Release|ARM64.Build.0 = Release|Any CPU
		{7B243883-B771-4778-8CDC-7514B7147504}.Release|x64.ActiveCfg = Release|Any CPU
		{7B243883-B771-4778-8CDC-7514B7147504}.Release|x64.Build.0 = Release|Any CPU
		{7B243883-B771-4778-8CDC-7514B7147504}.Release|x86.ActiveCfg = Release|Any CPU
		{7B243883-B771-4778-8CDC-7514B7147504}.Release|x86.Build.0 = Release|Any CPU
		{211C957C-469E-42FE-976C-66CC673D20CE}.Debug|Any CPU.ActiveCfg = Debug|Any CPU
		{211C957C-469E-42FE-976C-66CC673D20CE}.Debug|Any CPU.Build.0 = Debug|Any CPU
		{211C957C-469E-42FE-976C-66CC673D20CE}.Debug|ARM.ActiveCfg = Debug|Any CPU
		{211C957C-469E-42FE-976C-66CC673D20CE}.Debug|ARM.Build.0 = Debug|Any CPU
		{211C957C-469E-42FE-976C-66CC673D20CE}.Debug|ARM64.ActiveCfg = Debug|Any CPU
		{211C957C-469E-42FE-976C-66CC673D20CE}.Debug|ARM64.Build.0 = Debug|Any CPU
		{211C957C-469E-42FE-976C-66CC673D20CE}.Debug|x64.ActiveCfg = Debug|Any CPU
		{211C957C-469E-42FE-976C-66CC673D20CE}.Debug|x64.Build.0 = Debug|Any CPU
		{211C957C-469E-42FE-976C-66CC673D20CE}.Debug|x86.ActiveCfg = Debug|Any CPU
		{211C957C-469E-42FE-976C-66CC673D20CE}.Debug|x86.Build.0 = Debug|Any CPU
		{211C957C-469E-42FE-976C-66CC673D20CE}.Release|Any CPU.ActiveCfg = Release|Any CPU
		{211C957C-469E-42FE-976C-66CC673D20CE}.Release|Any CPU.Build.0 = Release|Any CPU
		{211C957C-469E-42FE-976C-66CC673D20CE}.Release|ARM.ActiveCfg = Release|Any CPU
		{211C957C-469E-42FE-976C-66CC673D20CE}.Release|ARM.Build.0 = Release|Any CPU
		{211C957C-469E-42FE-976C-66CC673D20CE}.Release|ARM64.ActiveCfg = Release|Any CPU
		{211C957C-469E-42FE-976C-66CC673D20CE}.Release|ARM64.Build.0 = Release|Any CPU
		{211C957C-469E-42FE-976C-66CC673D20CE}.Release|x64.ActiveCfg = Release|Any CPU
		{211C957C-469E-42FE-976C-66CC673D20CE}.Release|x64.Build.0 = Release|Any CPU
		{211C957C-469E-42FE-976C-66CC673D20CE}.Release|x86.ActiveCfg = Release|Any CPU
		{211C957C-469E-42FE-976C-66CC673D20CE}.Release|x86.Build.0 = Release|Any CPU
		{5E18A482-57CA-480F-B393-909777AE0924}.Debug|Any CPU.ActiveCfg = Debug|Any CPU
		{5E18A482-57CA-480F-B393-909777AE0924}.Debug|Any CPU.Build.0 = Debug|Any CPU
		{5E18A482-57CA-480F-B393-909777AE0924}.Debug|ARM.ActiveCfg = Debug|Any CPU
		{5E18A482-57CA-480F-B393-909777AE0924}.Debug|ARM.Build.0 = Debug|Any CPU
		{5E18A482-57CA-480F-B393-909777AE0924}.Debug|ARM64.ActiveCfg = Debug|Any CPU
		{5E18A482-57CA-480F-B393-909777AE0924}.Debug|ARM64.Build.0 = Debug|Any CPU
		{5E18A482-57CA-480F-B393-909777AE0924}.Debug|x64.ActiveCfg = Debug|Any CPU
		{5E18A482-57CA-480F-B393-909777AE0924}.Debug|x64.Build.0 = Debug|Any CPU
		{5E18A482-57CA-480F-B393-909777AE0924}.Debug|x86.ActiveCfg = Debug|Any CPU
		{5E18A482-57CA-480F-B393-909777AE0924}.Debug|x86.Build.0 = Debug|Any CPU
		{5E18A482-57CA-480F-B393-909777AE0924}.Release|Any CPU.ActiveCfg = Release|Any CPU
		{5E18A482-57CA-480F-B393-909777AE0924}.Release|Any CPU.Build.0 = Release|Any CPU
		{5E18A482-57CA-480F-B393-909777AE0924}.Release|ARM.ActiveCfg = Release|Any CPU
		{5E18A482-57CA-480F-B393-909777AE0924}.Release|ARM.Build.0 = Release|Any CPU
		{5E18A482-57CA-480F-B393-909777AE0924}.Release|ARM64.ActiveCfg = Release|Any CPU
		{5E18A482-57CA-480F-B393-909777AE0924}.Release|ARM64.Build.0 = Release|Any CPU
		{5E18A482-57CA-480F-B393-909777AE0924}.Release|x64.ActiveCfg = Release|Any CPU
		{5E18A482-57CA-480F-B393-909777AE0924}.Release|x64.Build.0 = Release|Any CPU
		{5E18A482-57CA-480F-B393-909777AE0924}.Release|x86.ActiveCfg = Release|Any CPU
		{5E18A482-57CA-480F-B393-909777AE0924}.Release|x86.Build.0 = Release|Any CPU
		{5E74ACC1-F4FD-4F6B-A4AF-9AB46C1F1199}.Debug|Any CPU.ActiveCfg = Debug|Any CPU
		{5E74ACC1-F4FD-4F6B-A4AF-9AB46C1F1199}.Debug|Any CPU.Build.0 = Debug|Any CPU
		{5E74ACC1-F4FD-4F6B-A4AF-9AB46C1F1199}.Debug|ARM.ActiveCfg = Debug|Any CPU
		{5E74ACC1-F4FD-4F6B-A4AF-9AB46C1F1199}.Debug|ARM.Build.0 = Debug|Any CPU
		{5E74ACC1-F4FD-4F6B-A4AF-9AB46C1F1199}.Debug|ARM64.ActiveCfg = Debug|Any CPU
		{5E74ACC1-F4FD-4F6B-A4AF-9AB46C1F1199}.Debug|ARM64.Build.0 = Debug|Any CPU
		{5E74ACC1-F4FD-4F6B-A4AF-9AB46C1F1199}.Debug|x64.ActiveCfg = Debug|Any CPU
		{5E74ACC1-F4FD-4F6B-A4AF-9AB46C1F1199}.Debug|x64.Build.0 = Debug|Any CPU
		{5E74ACC1-F4FD-4F6B-A4AF-9AB46C1F1199}.Debug|x86.ActiveCfg = Debug|Any CPU
		{5E74ACC1-F4FD-4F6B-A4AF-9AB46C1F1199}.Debug|x86.Build.0 = Debug|Any CPU
		{5E74ACC1-F4FD-4F6B-A4AF-9AB46C1F1199}.Release|Any CPU.ActiveCfg = Release|Any CPU
		{5E74ACC1-F4FD-4F6B-A4AF-9AB46C1F1199}.Release|Any CPU.Build.0 = Release|Any CPU
		{5E74ACC1-F4FD-4F6B-A4AF-9AB46C1F1199}.Release|ARM.ActiveCfg = Release|Any CPU
		{5E74ACC1-F4FD-4F6B-A4AF-9AB46C1F1199}.Release|ARM.Build.0 = Release|Any CPU
		{5E74ACC1-F4FD-4F6B-A4AF-9AB46C1F1199}.Release|ARM64.ActiveCfg = Release|Any CPU
		{5E74ACC1-F4FD-4F6B-A4AF-9AB46C1F1199}.Release|ARM64.Build.0 = Release|Any CPU
		{5E74ACC1-F4FD-4F6B-A4AF-9AB46C1F1199}.Release|x64.ActiveCfg = Release|Any CPU
		{5E74ACC1-F4FD-4F6B-A4AF-9AB46C1F1199}.Release|x64.Build.0 = Release|Any CPU
		{5E74ACC1-F4FD-4F6B-A4AF-9AB46C1F1199}.Release|x86.ActiveCfg = Release|Any CPU
		{5E74ACC1-F4FD-4F6B-A4AF-9AB46C1F1199}.Release|x86.Build.0 = Release|Any CPU
		{A9AAB37F-CFB8-406B-9E69-7B74BB9C17E1}.Debug|Any CPU.ActiveCfg = Debug|Any CPU
		{A9AAB37F-CFB8-406B-9E69-7B74BB9C17E1}.Debug|Any CPU.Build.0 = Debug|Any CPU
		{A9AAB37F-CFB8-406B-9E69-7B74BB9C17E1}.Debug|ARM.ActiveCfg = Debug|Any CPU
		{A9AAB37F-CFB8-406B-9E69-7B74BB9C17E1}.Debug|ARM.Build.0 = Debug|Any CPU
		{A9AAB37F-CFB8-406B-9E69-7B74BB9C17E1}.Debug|ARM64.ActiveCfg = Debug|Any CPU
		{A9AAB37F-CFB8-406B-9E69-7B74BB9C17E1}.Debug|ARM64.Build.0 = Debug|Any CPU
		{A9AAB37F-CFB8-406B-9E69-7B74BB9C17E1}.Debug|x64.ActiveCfg = Debug|Any CPU
		{A9AAB37F-CFB8-406B-9E69-7B74BB9C17E1}.Debug|x64.Build.0 = Debug|Any CPU
		{A9AAB37F-CFB8-406B-9E69-7B74BB9C17E1}.Debug|x86.ActiveCfg = Debug|Any CPU
		{A9AAB37F-CFB8-406B-9E69-7B74BB9C17E1}.Debug|x86.Build.0 = Debug|Any CPU
		{A9AAB37F-CFB8-406B-9E69-7B74BB9C17E1}.Release|Any CPU.ActiveCfg = Release|Any CPU
		{A9AAB37F-CFB8-406B-9E69-7B74BB9C17E1}.Release|Any CPU.Build.0 = Release|Any CPU
		{A9AAB37F-CFB8-406B-9E69-7B74BB9C17E1}.Release|ARM.ActiveCfg = Release|Any CPU
		{A9AAB37F-CFB8-406B-9E69-7B74BB9C17E1}.Release|ARM.Build.0 = Release|Any CPU
		{A9AAB37F-CFB8-406B-9E69-7B74BB9C17E1}.Release|ARM64.ActiveCfg = Release|Any CPU
		{A9AAB37F-CFB8-406B-9E69-7B74BB9C17E1}.Release|ARM64.Build.0 = Release|Any CPU
		{A9AAB37F-CFB8-406B-9E69-7B74BB9C17E1}.Release|x64.ActiveCfg = Release|Any CPU
		{A9AAB37F-CFB8-406B-9E69-7B74BB9C17E1}.Release|x64.Build.0 = Release|Any CPU
		{A9AAB37F-CFB8-406B-9E69-7B74BB9C17E1}.Release|x86.ActiveCfg = Release|Any CPU
		{A9AAB37F-CFB8-406B-9E69-7B74BB9C17E1}.Release|x86.Build.0 = Release|Any CPU
	EndGlobalSection
	GlobalSection(SolutionProperties) = preSolution
		HideSolutionNode = FALSE
	EndGlobalSection
	GlobalSection(NestedProjects) = preSolution
		{5B304BA8-A8C2-42DD-A8BC-04A2C75942CD} = {6F975833-EAA6-41DC-BC43-4D3A13F1E491}
		{C5600F42-966B-4DBF-95EF-AF80EBE5D281} = {6F975833-EAA6-41DC-BC43-4D3A13F1E491}
		{4259A5E3-A723-4ACA-84E4-78BB5FB0BE09} = {B6DA6C99-7332-430F-8E61-D3A1BBB6D57E}
		{9760A07E-B467-4962-858D-A14B9329A718} = {B6DA6C99-7332-430F-8E61-D3A1BBB6D57E}
		{779968E6-6F53-4E37-97E8-D8FF53A35E5E} = {B6DA6C99-7332-430F-8E61-D3A1BBB6D57E}
		{C63F08A8-300F-4B8B-A419-17AF885BBC40} = {791C8759-CCE3-46D6-9674-91E79A69F3B1}
		{6F64AE85-6F38-4227-8BF7-B88A09242F61} = {791C8759-CCE3-46D6-9674-91E79A69F3B1}
		{65BFF245-101E-449E-B661-00AEF34F64EA} = {791C8759-CCE3-46D6-9674-91E79A69F3B1}
		{73C410A0-6405-4D20-8E50-2856F074D80E} = {6524A18D-099C-4A95-9E2F-C4024D6F2F22}
		{7B243883-B771-4778-8CDC-7514B7147504} = {6524A18D-099C-4A95-9E2F-C4024D6F2F22}
		{211C957C-469E-42FE-976C-66CC673D20CE} = {6524A18D-099C-4A95-9E2F-C4024D6F2F22}
		{5E18A482-57CA-480F-B393-909777AE0924} = {2E3A3A0C-88B5-4AC1-B6E6-F5CBD20AA85A}
		{5E74ACC1-F4FD-4F6B-A4AF-9AB46C1F1199} = {2E3A3A0C-88B5-4AC1-B6E6-F5CBD20AA85A}
		{A9AAB37F-CFB8-406B-9E69-7B74BB9C17E1} = {7ED34B53-BF21-4702-BEDA-115F5D1F0339}
	EndGlobalSection
	GlobalSection(ExtensibilityGlobals) = postSolution
		SolutionGuid = {93D6518B-CB0A-465E-BD76-2F8C9CA1B019}
	EndGlobalSection
EndGlobal
